
Microsoft Visual Studio Solution File, Format Version 12.00
# Visual Studio Version 17
VisualStudioVersion = 17.9.34607.119
MinimumVisualStudioVersion = 10.0.40219.1
Project("{9A19103F-16F7-4668-BE54-9A1E7A4F7556}") = "WorkdayCalculator", "WorkdayCalculator.csproj", "{52476275-D033-4277-A01E-B02C60F59271}"
EndProject
Project("{FAE04EC0-301F-11D3-BF4B-00C04F79EFBC}") = "WorkdayCalculatorTests", "..\WorkdayCalculatorTests\WorkdayCalculatorTests.csproj", "{D006995E-B432-4247-9AF6-243F363EDD80}"
EndProject
Global
	GlobalSection(SolutionConfigurationPlatforms) = preSolution
		Debug|Any CPU = Debug|Any CPU
		Release|Any CPU = Release|Any CPU
	EndGlobalSection
	GlobalSection(ProjectConfigurationPlatforms) = postSolution
		{52476275-D033-4277-A01E-B02C60F59271}.Debug|Any CPU.ActiveCfg = Debug|Any CPU
		{52476275-D033-4277-A01E-B02C60F59271}.Debug|Any CPU.Build.0 = Debug|Any CPU
		{52476275-D033-4277-A01E-B02C60F59271}.Release|Any CPU.ActiveCfg = Release|Any CPU
		{52476275-D033-4277-A01E-B02C60F59271}.Release|Any CPU.Build.0 = Release|Any CPU
		{D006995E-B432-4247-9AF6-243F363EDD80}.Debug|Any CPU.ActiveCfg = Debug|Any CPU
		{D006995E-B432-4247-9AF6-243F363EDD80}.Debug|Any CPU.Build.0 = Debug|Any CPU
		{D006995E-B432-4247-9AF6-243F363EDD80}.Release|Any CPU.ActiveCfg = Release|Any CPU
		{D006995E-B432-4247-9AF6-243F363EDD80}.Release|Any CPU.Build.0 = Release|Any CPU
	EndGlobalSection
	GlobalSection(SolutionProperties) = preSolution
		HideSolutionNode = FALSE
	EndGlobalSection
	GlobalSection(ExtensibilityGlobals) = postSolution
		SolutionGuid = {1D62174C-EC1D-4FFE-94A7-364A92C67D86}
	EndGlobalSection
EndGlobal
